
Microsoft Visual Studio Solution File, Format Version 12.00
# Visual Studio 15
VisualStudioVersion = 15.0.28307.572
MinimumVisualStudioVersion = 10.0.40219.1
Project("{FAE04EC0-301F-11D3-BF4B-00C04F79EFBC}") = "Exercicio01", "Exercicio01\Exercicio01.csproj", "{2EE3D513-290D-45D9-B4CB-86A8507E5E1B}"
EndProject
Global
	GlobalSection(SolutionConfigurationPlatforms) = preSolution
		Debug|Any CPU = Debug|Any CPU
		Release|Any CPU = Release|Any CPU
	EndGlobalSection
	GlobalSection(ProjectConfigurationPlatforms) = postSolution
		{2EE3D513-290D-45D9-B4CB-86A8507E5E1B}.Debug|Any CPU.ActiveCfg = Debug|Any CPU
		{2EE3D513-290D-45D9-B4CB-86A8507E5E1B}.Debug|Any CPU.Build.0 = Debug|Any CPU
		{2EE3D513-290D-45D9-B4CB-86A8507E5E1B}.Release|Any CPU.ActiveCfg = Release|Any CPU
		{2EE3D513-290D-45D9-B4CB-86A8507E5E1B}.Release|Any CPU.Build.0 = Release|Any CPU
	EndGlobalSection
	GlobalSection(SolutionProperties) = preSolution
		HideSolutionNode = FALSE
	EndGlobalSection
	GlobalSection(ExtensibilityGlobals) = postSolution
		SolutionGuid = {4FC9401B-EC76-40B6-8A96-53EF7F468453}
	EndGlobalSection
EndGlobal
